
Microsoft Visual Studio Solution File, Format Version 12.00
# Visual Studio Version 16
VisualStudioVersion = 16.0.31025.194
MinimumVisualStudioVersion = 10.0.40219.1
Project("{FAE04EC0-301F-11D3-BF4B-00C04F79EFBC}") = "InfoClient", "InfoClient\InfoClient.csproj", "{03C7F064-FDF6-4146-A36C-30171EAD4FC0}"
EndProject
Global
	GlobalSection(SolutionConfigurationPlatforms) = preSolution
		Debug|Any CPU = Debug|Any CPU
		Release|Any CPU = Release|Any CPU
	EndGlobalSection
	GlobalSection(ProjectConfigurationPlatforms) = postSolution
		{03C7F064-FDF6-4146-A36C-30171EAD4FC0}.Debug|Any CPU.ActiveCfg = Debug|Any CPU
		{03C7F064-FDF6-4146-A36C-30171EAD4FC0}.Debug|Any CPU.Build.0 = Debug|Any CPU
		{03C7F064-FDF6-4146-A36C-30171EAD4FC0}.Release|Any CPU.ActiveCfg = Release|Any CPU
		{03C7F064-FDF6-4146-A36C-30171EAD4FC0}.Release|Any CPU.Build.0 = Release|Any CPU
	EndGlobalSection
	GlobalSection(SolutionProperties) = preSolution
		HideSolutionNode = FALSE
	EndGlobalSection
	GlobalSection(ExtensibilityGlobals) = postSolution
		SolutionGuid = {03488501-9AD3-4384-8845-F4F0AD3FBCB0}
	EndGlobalSection
EndGlobal
